
Microsoft Visual Studio Solution File, Format Version 12.00
# Visual Studio 15
VisualStudioVersion = 15.0.28307.421
MinimumVisualStudioVersion = 10.0.40219.1
Project("{FAE04EC0-301F-11D3-BF4B-00C04F79EFBC}") = "Bot_HtmlAgilityPack", "Bot_HtmlAgilityPack\Bot_HtmlAgilityPack.csproj", "{5570636E-613E-4312-8D15-34D71CABA40E}"
EndProject
Global
	GlobalSection(SolutionConfigurationPlatforms) = preSolution
		Debug|Any CPU = Debug|Any CPU
		Release|Any CPU = Release|Any CPU
	EndGlobalSection
	GlobalSection(ProjectConfigurationPlatforms) = postSolution
		{5570636E-613E-4312-8D15-34D71CABA40E}.Debug|Any CPU.ActiveCfg = Debug|Any CPU
		{5570636E-613E-4312-8D15-34D71CABA40E}.Debug|Any CPU.Build.0 = Debug|Any CPU
		{5570636E-613E-4312-8D15-34D71CABA40E}.Release|Any CPU.ActiveCfg = Release|Any CPU
		{5570636E-613E-4312-8D15-34D71CABA40E}.Release|Any CPU.Build.0 = Release|Any CPU
	EndGlobalSection
	GlobalSection(SolutionProperties) = preSolution
		HideSolutionNode = FALSE
	EndGlobalSection
	GlobalSection(ExtensibilityGlobals) = postSolution
		SolutionGuid = {6EAB5A8A-657A-458D-8692-D9D0761EEE84}
	EndGlobalSection
EndGlobal
